
Microsoft Visual Studio Solution File, Format Version 12.00
# Visual Studio Version 17
VisualStudioVersion = 17.6.33829.357
MinimumVisualStudioVersion = 10.0.40219.1
Project("{FAE04EC0-301F-11D3-BF4B-00C04F79EFBC}") = "EInsuranceProject", "EInsuranceProject\EInsuranceProject.csproj", "{881EC81C-7094-4E4C-9F7A-1A0F695C5C2B}"
EndProject
Global
	GlobalSection(SolutionConfigurationPlatforms) = preSolution
		Debug|Any CPU = Debug|Any CPU
		Release|Any CPU = Release|Any CPU
	EndGlobalSection
	GlobalSection(ProjectConfigurationPlatforms) = postSolution
		{881EC81C-7094-4E4C-9F7A-1A0F695C5C2B}.Debug|Any CPU.ActiveCfg = Debug|Any CPU
		{881EC81C-7094-4E4C-9F7A-1A0F695C5C2B}.Debug|Any CPU.Build.0 = Debug|Any CPU
		{881EC81C-7094-4E4C-9F7A-1A0F695C5C2B}.Release|Any CPU.ActiveCfg = Release|Any CPU
		{881EC81C-7094-4E4C-9F7A-1A0F695C5C2B}.Release|Any CPU.Build.0 = Release|Any CPU
	EndGlobalSection
	GlobalSection(SolutionProperties) = preSolution
		HideSolutionNode = FALSE
	EndGlobalSection
	GlobalSection(ExtensibilityGlobals) = postSolution
		SolutionGuid = {709D84BB-26AA-4FF8-AC50-1AA9E60F4BAA}
	EndGlobalSection
EndGlobal
